
Microsoft Visual Studio Solution File, Format Version 12.00
# Visual Studio Version 16
VisualStudioVersion = 16.0.30611.23
MinimumVisualStudioVersion = 10.0.40219.1
Project("{FAE04EC0-301F-11D3-BF4B-00C04F79EFBC}") = "NFLInfoCenter", "NFLInfoCenter\NFLInfoCenter.csproj", "{76089AE4-6185-4DC0-9C7F-9934FA93289D}"
EndProject
Global
	GlobalSection(SolutionConfigurationPlatforms) = preSolution
		Debug|Any CPU = Debug|Any CPU
		Release|Any CPU = Release|Any CPU
	EndGlobalSection
	GlobalSection(ProjectConfigurationPlatforms) = postSolution
		{76089AE4-6185-4DC0-9C7F-9934FA93289D}.Debug|Any CPU.ActiveCfg = Debug|Any CPU
		{76089AE4-6185-4DC0-9C7F-9934FA93289D}.Debug|Any CPU.Build.0 = Debug|Any CPU
		{76089AE4-6185-4DC0-9C7F-9934FA93289D}.Release|Any CPU.ActiveCfg = Release|Any CPU
		{76089AE4-6185-4DC0-9C7F-9934FA93289D}.Release|Any CPU.Build.0 = Release|Any CPU
	EndGlobalSection
	GlobalSection(SolutionProperties) = preSolution
		HideSolutionNode = FALSE
	EndGlobalSection
	GlobalSection(ExtensibilityGlobals) = postSolution
		SolutionGuid = {DC28922D-87D1-42D9-AED7-F10BF09B5B9F}
	EndGlobalSection
EndGlobal
